
Microsoft Visual Studio Solution File, Format Version 12.00
# Visual Studio Version 16
VisualStudioVersion = 16.0.28917.181
MinimumVisualStudioVersion = 10.0.40219.1
Project("{FAE04EC0-301F-11D3-BF4B-00C04F79EFBC}") = "ShopMasterPOS", "ShopMasterPOS\ShopMasterPOS.csproj", "{FF1ACA16-09FF-46A8-A811-C2A5EE646FA6}"
EndProject
Global
	GlobalSection(SolutionConfigurationPlatforms) = preSolution
		Debug|Any CPU = Debug|Any CPU
		Release|Any CPU = Release|Any CPU
	EndGlobalSection
	GlobalSection(ProjectConfigurationPlatforms) = postSolution
		{FF1ACA16-09FF-46A8-A811-C2A5EE646FA6}.Debug|Any CPU.ActiveCfg = Debug|Any CPU
		{FF1ACA16-09FF-46A8-A811-C2A5EE646FA6}.Debug|Any CPU.Build.0 = Debug|Any CPU
		{FF1ACA16-09FF-46A8-A811-C2A5EE646FA6}.Release|Any CPU.ActiveCfg = Release|Any CPU
		{FF1ACA16-09FF-46A8-A811-C2A5EE646FA6}.Release|Any CPU.Build.0 = Release|Any CPU
	EndGlobalSection
	GlobalSection(SolutionProperties) = preSolution
		HideSolutionNode = FALSE
	EndGlobalSection
	GlobalSection(ExtensibilityGlobals) = postSolution
		SolutionGuid = {DB5C15E5-8CF4-4FBA-B1B9-9FFA95B70408}
	EndGlobalSection
EndGlobal
